
Microsoft Visual Studio Solution File, Format Version 12.00
Project("{FAE04EC0-301F-11D3-BF4B-00C04F79EFBC}") = "dotnet-hello-world-web", "dotnet-hello-world-web\dotnet-hello-world-web.csproj", "{D3B0F4F7-6685-436A-9326-19488561E8FC}"
EndProject
Global
	GlobalSection(SolutionConfigurationPlatforms) = preSolution
		Debug|Any CPU = Debug|Any CPU
		Release|Any CPU = Release|Any CPU
	EndGlobalSection
	GlobalSection(ProjectConfigurationPlatforms) = postSolution
		{D3B0F4F7-6685-436A-9326-19488561E8FC}.Debug|Any CPU.ActiveCfg = Debug|Any CPU
		{D3B0F4F7-6685-436A-9326-19488561E8FC}.Debug|Any CPU.Build.0 = Debug|Any CPU
		{D3B0F4F7-6685-436A-9326-19488561E8FC}.Release|Any CPU.ActiveCfg = Release|Any CPU
		{D3B0F4F7-6685-436A-9326-19488561E8FC}.Release|Any CPU.Build.0 = Release|Any CPU
	EndGlobalSection
EndGlobal
